# This file is generated by running "yarn install" inside your project.
# Manual changes might be lost - proceed with caution!

__metadata:
  version: 8
  cacheKey: 10c0

"zenn-cli@npm:^0.1.131":
  version: 0.1.131
  resolution: "zenn-cli@npm:0.1.131"
  bin:
    zenn: dist/server/zenn.js
  checksum: 79a38f8e9ad704ef7754224dde83318067d11333eaf4351d7db34a38b8d0a9e60218c64af129839d1f6309092ef9e4f0292052a6834d24548170fa09eae7b4a6
  languageName: node
  linkType: hard

"zenn.dev@workspace:.":
  version: 0.0.0-use.local
  resolution: "zenn.dev@workspace:."
  dependencies:
    zenn-cli: "npm:^0.1.131"
  languageName: unknown
  linkType: soft
